// !$*UTF8*$!
{
	archiveVersion = 1;
	classes = {
	};
	objectVersion = 50;
	objects = {

/* Begin PBXBuildFile section */
		6FADD6C924815B3E003E881C /* AppDelegate.swift in Sources */ = {isa = PBXBuildFile; fileRef = 6FADD6C824815B3E003E881C /* AppDelegate.swift */; };
		6FADD6CB24815B3E003E881C /* SceneDelegate.swift in Sources */ = {isa = PBXBuildFile; fileRef = 6FADD6CA24815B3E003E881C /* SceneDelegate.swift */; };
		6FADD6CD24815B3E003E881C /* ContentView.swift in Sources */ = {isa = PBXBuildFile; fileRef = 6FADD6CC24815B3E003E881C /* ContentView.swift */; };
		6FADD6CF24815B40003E881C /* Assets.xcassets in Resources */ = {isa = PBXBuildFile; fileRef = 6FADD6CE24815B40003E881C /* Assets.xcassets */; };
		6FADD6D224815B40003E881C /* Preview Assets.xcassets in Resources */ = {isa = PBXBuildFile; fileRef = 6FADD6D124815B40003E881C /* Preview Assets.xcassets */; };
		6FADD6D524815B40003E881C /* LaunchScreen.storyboard in Resources */ = {isa = PBXBuildFile; fileRef = 6FADD6D324815B40003E881C /* LaunchScreen.storyboard */; };
/* End PBXBuildFile section */

/* Begin PBXFileReference section */
		6FADD6C524815B3E003E881C /* Beti's App.app */ = {isa = PBXFileReference; explicitFileType = wrapper.application; includeInIndex = 0; path = "Beti's App.app"; sourceTree = BUILT_PRODUCTS_DIR; };
		6FADD6C824815B3E003E881C /* AppDelegate.swift */ = {isa = PBXFileReference; lastKnownFileType = sourcecode.swift; path = AppDelegate.swift; sourceTree = "<group>"; };
		6FADD6CA24815B3E003E881C /* SceneDelegate.swift */ = {isa = PBXFileReference; lastKnownFileType = sourcecode.swift; path = SceneDelegate.swift; sourceTree = "<group>"; };
		6FADD6CC24815B3E003E881C /* ContentView.swift */ = {isa = PBXFileReference; lastKnownFileType = sourcecode.swift; path = ContentView.swift; sourceTree = "<group>"; };
		6FADD6CE24815B40003E881C /* Assets.xcassets */ = {isa = PBXFileReference; lastKnownFileType = folder.assetcatalog; path = Assets.xcassets; sourceTree = "<group>"; };
		6FADD6D124815B40003E881C /* Preview Assets.xcassets */ = {isa = PBXFileReference; lastKnownFileType = folder.assetcatalog; path = "Preview Assets.xcassets"; sourceTree = "<group>"; };
		6FADD6D424815B40003E881C /* Base */ = {isa = PBXFileReference; lastKnownFileType = file.storyboard; name = Base; path = Base.lproj/LaunchScreen.storyboard; sourceTree = "<group>"; };
		6FADD6D624815B40003E881C /* Info.plist */ = {isa = PBXFileReference; lastKnownFileType = text.plist.xml; path = Info.plist; sourceTree = "<group>"; };
/* End PBXFileReference section */

/* Begin PBXFrameworksBuildPhase section */
		6FADD6C224815B3E003E881C /* Frameworks */ = {
			isa = PBXFrameworksBuildPhase;
			buildActionMask = 2147483647;
			files = (
			);
			runOnlyForDeploymentPostprocessing = 0;
		};
/* End PBXFrameworksBuildPhase section */

/* Begin PBXGroup section */
		6FADD6BC24815B3E003E881C = {
			isa = PBXGroup;
			children = (
				6FADD6C724815B3E003E881C /* Beti's App */,
				6FADD6C624815B3E003E881C /* Products */,
			);
			sourceTree = "<group>";
		};
		6FADD6C624815B3E003E881C /* Products */ = {
			isa = PBXGroup;
			children = (
				6FADD6C524815B3E003E881C /* Beti's App.app */,
			);
			name = Products;
			sourceTree = "<group>";
		};
		6FADD6C724815B3E003E881C /* Beti's App */ = {
			isa = PBXGroup;
			children = (
				6FADD6C824815B3E003E881C /* AppDelegate.swift */,
				6FADD6CA24815B3E003E881C /* SceneDelegate.swift */,
				6FADD6CC24815B3E003E881C /* ContentView.swift */,
				6FADD6CE24815B40003E881C /* Assets.xcassets */,
				6FADD6D324815B40003E881C /* LaunchScreen.storyboard */,
				6FADD6D624815B40003E881C /* Info.plist */,
				6FADD6D024815B40003E881C /* Preview Content */,
			);
			path = "Beti's App";
			sourceTree = "<group>";
		};
		6FADD6D024815B40003E881C /* Preview Content */ = {
			isa = PBXGroup;
			children = (
				6FADD6D124815B40003E881C /* Preview Assets.xcassets */,
			);
			path = "Preview Content";
			sourceTree = "<group>";
		};
/* End PBXGroup section */

/* Begin PBXNativeTarget section */
		6FADD6C424815B3E003E881C /* Beti's App */ = {
			isa = PBXNativeTarget;
			buildConfigurationList = 6FADD6D924815B40003E881C /* Build configuration list for PBXNativeTarget "Beti's App" */;
			buildPhases = (
				6FADD6C124815B3E003E881C /* Sources */,
				6FADD6C224815B3E003E881C /* Frameworks */,
				6FADD6C324815B3E003E881C /* Resources */,
			);
			buildRules = (
			);
			dependencies = (
			);
			name = "Beti's App";
			productName = "Beti's App";
			productReference = 6FADD6C524815B3E003E881C /* Beti's App.app */;
			productType = "com.apple.product-type.application";
		};
/* End PBXNativeTarget section */

/* Begin PBXProject section */
		6FADD6BD24815B3E003E881C /* Project object */ = {
			isa = PBXProject;
			attributes = {
				LastSwiftUpdateCheck = 1150;
				LastUpgradeCheck = 1150;
				ORGANIZATIONNAME = "Dawid Stasiak";
				TargetAttributes = {
					6FADD6C424815B3E003E881C = {
						CreatedOnToolsVersion = 11.5;
					};
				};
			};
			buildConfigurationList = 6FADD6C024815B3E003E881C /* Build configuration list for PBXProject "Beti's App" */;
			compatibilityVersion = "Xcode 9.3";
			developmentRegion = en;
			hasScannedForEncodings = 0;
			knownRegions = (
				en,
				Base,
			);
			mainGroup = 6FADD6BC24815B3E003E881C;
			productRefGroup = 6FADD6C624815B3E003E881C /* Products */;
			projectDirPath = "";
			projectRoot = "";
			targets = (
				6FADD6C424815B3E003E881C /* Beti's App */,
			);
		};
/* End PBXProject section */

/* Begin PBXResourcesBuildPhase section */
		6FADD6C324815B3E003E881C /* Resources */ = {
			isa = PBXResourcesBuildPhase;
			buildActionMask = 2147483647;
			files = (
				6FADD6D524815B40003E881C /* LaunchScreen.storyboard in Resources */,
				6FADD6D224815B40003E881C /* Preview Assets.xcassets in Resources */,
				6FADD6CF24815B40003E881C /* Assets.xcassets in Resources */,
			);
			runOnlyForDeploymentPostprocessing = 0;
		};
/* End PBXResourcesBuildPhase section */

/* Begin PBXSourcesBuildPhase section */
		6FADD6C124815B3E003E881C /* Sources */ = {
			isa = PBXSourcesBuildPhase;
			buildActionMask = 2147483647;
			files = (
				6FADD6C924815B3E003E881C /* AppDelegate.swift in Sources */,
				6FADD6CB24815B3E003E881C /* SceneDelegate.swift in Sources */,
				6FADD6CD24815B3E003E881C /* ContentView.swift in Sources */,
			);
			runOnlyForDeploymentPostprocessing = 0;
		};
/* End PBXSourcesBuildPhase section */

/* Begin PBXVariantGroup section */
		6FADD6D324815B40003E881C /* LaunchScreen.storyboard */ = {
			isa = PBXVariantGroup;
			children = (
				6FADD6D424815B40003E881C /* Base */,
			);
			name = LaunchScreen.storyboard;
			sourceTree = "<group>";
		};
/* End PBXVariantGroup section */

/* Begin XCBuildConfiguration section */
		6FADD6D724815B40003E881C /* Debug */ = {
			isa = XCBuildConfiguration;
			buildSettings = {
				ALWAYS_SEARCH_USER_PATHS = NO;
				CLANG_ANALYZER_NONNULL = YES;
				CLANG_ANALYZER_NUMBER_OBJECT_CONVERSION = YES_AGGRESSIVE;
				CLANG_CXX_LANGUAGE_STANDARD = "gnu++14";
				CLANG_CXX_LIBRARY = "libc++";
				CLANG_ENABLE_MODULES = YES;
				CLANG_ENABLE_OBJC_ARC = YES;
				CLANG_ENABLE_OBJC_WEAK = YES;
				CLANG_WARN_BLOCK_CAPTURE_AUTORELEASING = YES;
				CLANG_WARN_BOOL_CONVERSION = YES;
				CLANG_WARN_COMMA = YES;
				CLANG_WARN_CONSTANT_CONVERSION = YES;
				CLANG_WARN_DEPRECATED_OBJC_IMPLEMENTATIONS = YES;
				CLANG_WARN_DIRECT_OBJC_ISA_USAGE = YES_ERROR;
				CLANG_WARN_DOCUMENTATION_COMMENTS = YES;
				CLANG_WARN_EMPTY_BODY = YES;
				CLANG_WARN_ENUM_CONVERSION = YES;
				CLANG_WARN_INFINITE_RECURSION = YES;
				CLANG_WARN_INT_CONVERSION = YES;
				CLANG_WARN_NON_LITERAL_NULL_CONVERSION = YES;
				CLANG_WARN_OBJC_IMPLICIT_RETAIN_SELF = YES;
				CLANG_WARN_OBJC_LITERAL_CONVERSION = YES;
				CLANG_WARN_OBJC_ROOT_CLASS = YES_ERROR;
				CLANG_WARN_RANGE_LOOP_ANALYSIS = YES;
				CLANG_WARN_STRICT_PROTOTYPES = YES;
				CLANG_WARN_SUSPICIOUS_MOVE = YES;
				CLANG_WARN_UNGUARDED_AVAILABILITY = YES_AGGRESSIVE;
				CLANG_WARN_UNREACHABLE_CODE = YES;
				CLANG_WARN__DUPLICATE_METHOD_MATCH = YES;
				COPY_PHASE_STRIP = NO;
				DEBUG_INFORMATION_FORMAT = dwarf;
				ENABLE_STRICT_OBJC_MSGSEND = YES;
				ENABLE_TESTABILITY = YES;
				GCC_C_LANGUAGE_STANDARD = gnu11;
				GCC_DYNAMIC_NO_PIC = NO;
				GCC_NO_COMMON_BLOCKS = YES;
				GCC_OPTIMIZATION_LEVEL = 0;
				GCC_PREPROCESSOR_DEFINITIONS = (
					"DEBUG=1",
					"$(inherited)",
				);
				GCC_WARN_64_TO_32_BIT_CONVERSION = YES;
				GCC_WARN_ABOUT_RETURN_TYPE = YES_ERROR;
				GCC_WARN_UNDECLARED_SELECTOR = YES;
				GCC_WARN_UNINITIALIZED_AUTOS = YES_AGGRESSIVE;
				GCC_WARN_UNUSED_FUNCTION = YES;
				GCC_WARN_UNUSED_VARIABLE = YES;
				IPHONEOS_DEPLOYMENT_TARGET = 13.5;
				MTL_ENABLE_DEBUG_INFO = INCLUDE_SOURCE;
				MTL_FAST_MATH = YES;
				ONLY_ACTIVE_ARCH = YES;
				SDKROOT = iphoneos;
				SWIFT_ACTIVE_COMPILATION_CONDITIONS = DEBUG;
				SWIFT_OPTIMIZATION_LEVEL = "-Onone";
			};
			name = Debug;
		};
		6FADD6D824815B40003E881C /* Release */ = {
			isa = XCBuildConfiguration;
			buildSettings = {
				ALWAYS_SEARCH_USER_PATHS = NO;
				CLANG_ANALYZER_NONNULL = YES;
				CLANG_ANALYZER_NUMBER_OBJECT_CONVERSION = YES_AGGRESSIVE;
				CLANG_CXX_LANGUAGE_STANDARD = "gnu++14";
				CLANG_CXX_LIBRARY = "libc++";
				CLANG_ENABLE_MODULES = YES;
				CLANG_ENABLE_OBJC_ARC = YES;
				CLANG_ENABLE_OBJC_WEAK = YES;
				CLANG_WARN_BLOCK_CAPTURE_AUTORELEASING = YES;
				CLANG_WARN_BOOL_CONVERSION = YES;
				CLANG_WARN_COMMA = YES;
				CLANG_WARN_CONSTANT_CONVERSION = YES;
				CLANG_WARN_DEPRECATED_OBJC_IMPLEMENTATIONS = YES;
				CLANG_WARN_DIRECT_OBJC_ISA_USAGE = YES_ERROR;
				CLANG_WARN_DOCUMENTATION_COMMENTS = YES;
				CLANG_WARN_EMPTY_BODY = YES;
				CLANG_WARN_ENUM_CONVERSION = YES;
				CLANG_WARN_INFINITE_RECURSION = YES;
				CLANG_WARN_INT_CONVERSION = YES;
				CLANG_WARN_NON_LITERAL_NULL_CONVERSION = YES;
				CLANG_WARN_OBJC_IMPLICIT_RETAIN_SELF = YES;
				CLANG_WARN_OBJC_LITERAL_CONVERSION = YES;
				CLANG_WARN_OBJC_ROOT_CLASS = YES_ERROR;
				CLANG_WARN_RANGE_LOOP_ANALYSIS = YES;
				CLANG_WARN_STRICT_PROTOTYPES = YES;
				CLANG_WARN_SUSPICIOUS_MOVE = YES;
				CLANG_WARN_UNGUARDED_AVAILABILITY = YES_AGGRESSIVE;
				CLANG_WARN_UNREACHABLE_CODE = YES;
				CLANG_WARN__DUPLICATE_METHOD_MATCH = YES;
				COPY_PHASE_STRIP = NO;
				DEBUG_INFORMATION_FORMAT = "dwarf-with-dsym";
				ENABLE_NS_ASSERTIONS = NO;
				ENABLE_STRICT_OBJC_MSGSEND = YES;
				GCC_C_LANGUAGE_STANDARD = gnu11;
				GCC_NO_COMMON_BLOCKS = YES;
				GCC_WARN_64_TO_32_BIT_CONVERSION = YES;
				GCC_WARN_ABOUT_RETURN_TYPE = YES_ERROR;
				GCC_WARN_UNDECLARED_SELECTOR = YES;
				GCC_WARN_UNINITIALIZED_AUTOS = YES_AGGRESSIVE;
				GCC_WARN_UNUSED_FUNCTION = YES;
				GCC_WARN_UNUSED_VARIABLE = YES;
				IPHONEOS_DEPLOYMENT_TARGET = 13.5;
				MTL_ENABLE_DEBUG_INFO = NO;
				MTL_FAST_MATH = YES;
				SDKROOT = iphoneos;
				SWIFT_COMPILATION_MODE = wholemodule;
				SWIFT_OPTIMIZATION_LEVEL = "-O";
				VALIDATE_PRODUCT = YES;
			};
			name = Release;
		};
		6FADD6DA24815B40003E881C /* Debug */ = {
			isa = XCBuildConfiguration;
			buildSettings = {
				ASSETCATALOG_COMPILER_APPICON_NAME = AppIcon;
				CODE_SIGN_STYLE = Automatic;
				DEVELOPMENT_ASSET_PATHS = "\"Beti's App/Preview Content\"";
				DEVELOPMENT_TEAM = P7NQY49NHV;
				ENABLE_PREVIEWS = YES;
				INFOPLIST_FILE = "Beti's App/Info.plist";
				LD_RUNPATH_SEARCH_PATHS = (
					"$(inherited)",
					"@executable_path/Frameworks",
				);
				PRODUCT_BUNDLE_IDENTIFIER = "com.dawidstasiak.Beti-s-App";
				PRODUCT_NAME = "$(TARGET_NAME)";
				SWIFT_VERSION = 5.0;
				TARGETED_DEVICE_FAMILY = "1,2";
			};
			name = Debug;
		};
		6FADD6DB24815B40003E881C /* Release */ = {
			isa = XCBuildConfiguration;
			buildSettings = {
				ASSETCATALOG_COMPILER_APPICON_NAME = AppIcon;
				CODE_SIGN_STYLE = Automatic;
				DEVELOPMENT_ASSET_PATHS = "\"Beti's App/Preview Content\"";
				DEVELOPMENT_TEAM = P7NQY49NHV;
				ENABLE_PREVIEWS = YES;
				INFOPLIST_FILE = "Beti's App/Info.plist";
				LD_RUNPATH_SEARCH_PATHS = (
					"$(inherited)",
					"@executable_path/Frameworks",
				);
				PRODUCT_BUNDLE_IDENTIFIER = "com.dawidstasiak.Beti-s-App";
				PRODUCT_NAME = "$(TARGET_NAME)";
				SWIFT_VERSION = 5.0;
				TARGETED_DEVICE_FAMILY = "1,2";
			};
			name = Release;
		};
/* End XCBuildConfiguration section */

/* Begin XCConfigurationList section */
		6FADD6C024815B3E003E881C /* Build configuration list for PBXProject "Beti's App" */ = {
			isa = XCConfigurationList;
			buildConfigurations = (
				6FADD6D724815B40003E881C /* Debug */,
				6FADD6D824815B40003E881C /* Release */,
			);
			defaultConfigurationIsVisible = 0;
			defaultConfigurationName = Release;
		};
		6FADD6D924815B40003E881C /* Build configuration list for PBXNativeTarget "Beti's App" */ = {
			isa = XCConfigurationList;
			buildConfigurations = (
				6FADD6DA24815B40003E881C /* Debug */,
				6FADD6DB24815B40003E881C /* Release */,
			);
			defaultConfigurationIsVisible = 0;
			defaultConfigurationName = Release;
		};
/* End XCConfigurationList section */
	};
	rootObject = 6FADD6BD24815B3E003E881C /* Project object */;
}
