<?xml version="1.0" encoding="UTF-8"?>
<Scheme
   version = "1.3">
   <BuildAction>
      <BuildActionEntries>
         <BuildActionEntry
            buildForRunning = "YES">
            <BuildableReference
               BuildableIdentifier = "primary"
               BlueprintIdentifier = "6FADD6C424815B3E003E881C"
               BuildableName = "Beti&apos;s App.app"
               BlueprintName = "Beti&apos;s App"
               ReferencedContainer = "container:Beti&apos;s App.xcodeproj">
            </BuildableReference>
         </BuildActionEntry>
      </BuildActionEntries>
   </BuildAction>
   <LaunchAction
      useCustomWorkingDirectory = "NO"
      buildConfiguration = "Debug"
      allowLocationSimulation = "YES">
      <BuildableProductRunnable>
         <BuildableReference
            BuildableIdentifier = "primary"
            BlueprintIdentifier = "6FADD6C424815B3E003E881C"
            BuildableName = "Beti&apos;s App.app"
            BlueprintName = "Beti&apos;s App"
            ReferencedContainer = "container:Beti&apos;s App.xcodeproj">
         </BuildableReference>
      </BuildableProductRunnable>
   </LaunchAction>
</Scheme>
